
Microsoft Visual Studio Solution File, Format Version 12.00
# Visual Studio 15
VisualStudioVersion = 15.0.27130.2027
MinimumVisualStudioVersion = 10.0.40219.1
Project("{FAE04EC0-301F-11D3-BF4B-00C04F79EFBC}") = "İş Etüdü", "İş Etüdü\İş Etüdü.csproj", "{75F1FF2E-0113-4AD1-AC26-EAFD5A680948}"
EndProject
Global
	GlobalSection(SolutionConfigurationPlatforms) = preSolution
		Debug|Any CPU = Debug|Any CPU
		Release|Any CPU = Release|Any CPU
	EndGlobalSection
	GlobalSection(ProjectConfigurationPlatforms) = postSolution
		{75F1FF2E-0113-4AD1-AC26-EAFD5A680948}.Debug|Any CPU.ActiveCfg = Debug|Any CPU
		{75F1FF2E-0113-4AD1-AC26-EAFD5A680948}.Debug|Any CPU.Build.0 = Debug|Any CPU
		{75F1FF2E-0113-4AD1-AC26-EAFD5A680948}.Release|Any CPU.ActiveCfg = Release|Any CPU
		{75F1FF2E-0113-4AD1-AC26-EAFD5A680948}.Release|Any CPU.Build.0 = Release|Any CPU
	EndGlobalSection
	GlobalSection(SolutionProperties) = preSolution
		HideSolutionNode = FALSE
	EndGlobalSection
	GlobalSection(ExtensibilityGlobals) = postSolution
		SolutionGuid = {BA0944F9-6B40-4F8D-8F6B-046E68EC8CD5}
	EndGlobalSection
EndGlobal
